
Microsoft Visual Studio Solution File, Format Version 12.00
Project("{FAE04EC0-301F-11D3-BF4B-00C04F79EFBC}") = "OrderViewer.API", "OrderViewer.API\OrderViewer.API.csproj", "{7AD13386-1F3B-4D52-A7AB-A89F8A0B2C6D}"
EndProject
Project("{FAE04EC0-301F-11D3-BF4B-00C04F79EFBC}") = "OrderViewer.Core", "OrderViewer.Core\OrderViewer.Core.csproj", "{AC9737CB-CAAE-4793-9E4D-858F2411366D}"
EndProject
Project("{FAE04EC0-301F-11D3-BF4B-00C04F79EFBC}") = "OrderViewer.Client", "OrderViewer.Client\OrderViewer.Client.csproj", "{9A3A08F2-758A-4C4B-8717-CCDB076645E9}"
EndProject
Global
	GlobalSection(SolutionConfigurationPlatforms) = preSolution
		Debug|Any CPU = Debug|Any CPU
		Release|Any CPU = Release|Any CPU
	EndGlobalSection
	GlobalSection(ProjectConfigurationPlatforms) = postSolution
		{7AD13386-1F3B-4D52-A7AB-A89F8A0B2C6D}.Debug|Any CPU.ActiveCfg = Debug|Any CPU
		{7AD13386-1F3B-4D52-A7AB-A89F8A0B2C6D}.Debug|Any CPU.Build.0 = Debug|Any CPU
		{7AD13386-1F3B-4D52-A7AB-A89F8A0B2C6D}.Release|Any CPU.ActiveCfg = Release|Any CPU
		{7AD13386-1F3B-4D52-A7AB-A89F8A0B2C6D}.Release|Any CPU.Build.0 = Release|Any CPU
		{AC9737CB-CAAE-4793-9E4D-858F2411366D}.Debug|Any CPU.ActiveCfg = Debug|Any CPU
		{AC9737CB-CAAE-4793-9E4D-858F2411366D}.Debug|Any CPU.Build.0 = Debug|Any CPU
		{AC9737CB-CAAE-4793-9E4D-858F2411366D}.Release|Any CPU.ActiveCfg = Release|Any CPU
		{AC9737CB-CAAE-4793-9E4D-858F2411366D}.Release|Any CPU.Build.0 = Release|Any CPU
		{9A3A08F2-758A-4C4B-8717-CCDB076645E9}.Debug|Any CPU.ActiveCfg = Debug|Any CPU
		{9A3A08F2-758A-4C4B-8717-CCDB076645E9}.Debug|Any CPU.Build.0 = Debug|Any CPU
		{9A3A08F2-758A-4C4B-8717-CCDB076645E9}.Release|Any CPU.ActiveCfg = Release|Any CPU
		{9A3A08F2-758A-4C4B-8717-CCDB076645E9}.Release|Any CPU.Build.0 = Release|Any CPU
	EndGlobalSection
EndGlobal
